// !$*UTF8*$!
{
	archiveVersion = 1;
	classes = {
	};
	objectVersion = 46;
	objects = {

/* Begin PBXBuildFile section */
		2999A6721A61E53B00973216 /* main.m in Sources */ = {isa = PBXBuildFile; fileRef = 2999A6711A61E53B00973216 /* main.m */; };
		2999A6751A61E53C00973216 /* AppDelegate.m in Sources */ = {isa = PBXBuildFile; fileRef = 2999A6741A61E53C00973216 /* AppDelegate.m */; };
		2999A67B1A61E53C00973216 /* Main.storyboard in Resources */ = {isa = PBXBuildFile; fileRef = 2999A6791A61E53C00973216 /* Main.storyboard */; };
		2999A67D1A61E53C00973216 /* Images.xcassets in Resources */ = {isa = PBXBuildFile; fileRef = 2999A67C1A61E53C00973216 /* Images.xcassets */; };
		2999A6801A61E53C00973216 /* LaunchScreen.xib in Resources */ = {isa = PBXBuildFile; fileRef = 2999A67E1A61E53C00973216 /* LaunchScreen.xib */; };
		2999A68C1A61E53C00973216 /* UITableViewController_Challenge_SolutionTests.m in Sources */ = {isa = PBXBuildFile; fileRef = 2999A68B1A61E53C00973216 /* UITableViewController_Challenge_SolutionTests.m */; };
		2999A6971A61E72D00973216 /* WITTableViewController.m in Sources */ = {isa = PBXBuildFile; fileRef = 2999A6961A61E72D00973216 /* WITTableViewController.m */; };
/* End PBXBuildFile section */

/* Begin PBXContainerItemProxy section */
		2999A6861A61E53C00973216 /* PBXContainerItemProxy */ = {
			isa = PBXContainerItemProxy;
			containerPortal = 2999A6641A61E53B00973216 /* Project object */;
			proxyType = 1;
			remoteGlobalIDString = 2999A66B1A61E53B00973216;
			remoteInfo = "UITableViewController Challenge Solution";
		};
/* End PBXContainerItemProxy section */

/* Begin PBXFileReference section */
		2999A66C1A61E53B00973216 /* UITableViewController Challenge Solution.app */ = {isa = PBXFileReference; explicitFileType = wrapper.application; includeInIndex = 0; path = "UITableViewController Challenge Solution.app"; sourceTree = BUILT_PRODUCTS_DIR; };
		2999A6701A61E53B00973216 /* Info.plist */ = {isa = PBXFileReference; lastKnownFileType = text.plist.xml; path = Info.plist; sourceTree = "<group>"; };
		2999A6711A61E53B00973216 /* main.m */ = {isa = PBXFileReference; lastKnownFileType = sourcecode.c.objc; path = main.m; sourceTree = "<group>"; };
		2999A6731A61E53C00973216 /* AppDelegate.h */ = {isa = PBXFileReference; lastKnownFileType = sourcecode.c.h; path = AppDelegate.h; sourceTree = "<group>"; };
		2999A6741A61E53C00973216 /* AppDelegate.m */ = {isa = PBXFileReference; lastKnownFileType = sourcecode.c.objc; path = AppDelegate.m; sourceTree = "<group>"; };
		2999A67A1A61E53C00973216 /* Base */ = {isa = PBXFileReference; lastKnownFileType = file.storyboard; name = Base; path = Base.lproj/Main.storyboard; sourceTree = "<group>"; };
		2999A67C1A61E53C00973216 /* Images.xcassets */ = {isa = PBXFileReference; lastKnownFileType = folder.assetcatalog; path = Images.xcassets; sourceTree = "<group>"; };
		2999A67F1A61E53C00973216 /* Base */ = {isa = PBXFileReference; lastKnownFileType = file.xib; name = Base; path = Base.lproj/LaunchScreen.xib; sourceTree = "<group>"; };
		2999A6851A61E53C00973216 /* UITableViewController Challenge SolutionTests.xctest */ = {isa = PBXFileReference; explicitFileType = wrapper.cfbundle; includeInIndex = 0; path = "UITableViewController Challenge SolutionTests.xctest"; sourceTree = BUILT_PRODUCTS_DIR; };
		2999A68A1A61E53C00973216 /* Info.plist */ = {isa = PBXFileReference; lastKnownFileType = text.plist.xml; path = Info.plist; sourceTree = "<group>"; };
		2999A68B1A61E53C00973216 /* UITableViewController_Challenge_SolutionTests.m */ = {isa = PBXFileReference; lastKnownFileType = sourcecode.c.objc; path = UITableViewController_Challenge_SolutionTests.m; sourceTree = "<group>"; };
		2999A6951A61E72D00973216 /* WITTableViewController.h */ = {isa = PBXFileReference; fileEncoding = 4; lastKnownFileType = sourcecode.c.h; path = WITTableViewController.h; sourceTree = "<group>"; };
		2999A6961A61E72D00973216 /* WITTableViewController.m */ = {isa = PBXFileReference; fileEncoding = 4; lastKnownFileType = sourcecode.c.objc; path = WITTableViewController.m; sourceTree = "<group>"; };
/* End PBXFileReference section */

/* Begin PBXFrameworksBuildPhase section */
		2999A6691A61E53B00973216 /* Frameworks */ = {
			isa = PBXFrameworksBuildPhase;
			buildActionMask = 2147483647;
			files = (
			);
			runOnlyForDeploymentPostprocessing = 0;
		};
		2999A6821A61E53C00973216 /* Frameworks */ = {
			isa = PBXFrameworksBuildPhase;
			buildActionMask = 2147483647;
			files = (
			);
			runOnlyForDeploymentPostprocessing = 0;
		};
/* End PBXFrameworksBuildPhase section */

/* Begin PBXGroup section */
		2999A6631A61E53B00973216 = {
			isa = PBXGroup;
			children = (
				2999A6951A61E72D00973216 /* WITTableViewController.h */,
				2999A6961A61E72D00973216 /* WITTableViewController.m */,
				2999A66E1A61E53B00973216 /* UITableViewController Challenge Solution */,
				2999A6881A61E53C00973216 /* UITableViewController Challenge SolutionTests */,
				2999A66D1A61E53B00973216 /* Products */,
			);
			sourceTree = "<group>";
		};
		2999A66D1A61E53B00973216 /* Products */ = {
			isa = PBXGroup;
			children = (
				2999A66C1A61E53B00973216 /* UITableViewController Challenge Solution.app */,
				2999A6851A61E53C00973216 /* UITableViewController Challenge SolutionTests.xctest */,
			);
			name = Products;
			sourceTree = "<group>";
		};
		2999A66E1A61E53B00973216 /* UITableViewController Challenge Solution */ = {
			isa = PBXGroup;
			children = (
				2999A6731A61E53C00973216 /* AppDelegate.h */,
				2999A6741A61E53C00973216 /* AppDelegate.m */,
				2999A6791A61E53C00973216 /* Main.storyboard */,
				2999A67C1A61E53C00973216 /* Images.xcassets */,
				2999A67E1A61E53C00973216 /* LaunchScreen.xib */,
				2999A66F1A61E53B00973216 /* Supporting Files */,
			);
			path = "UITableViewController Challenge Solution";
			sourceTree = "<group>";
		};
		2999A66F1A61E53B00973216 /* Supporting Files */ = {
			isa = PBXGroup;
			children = (
				2999A6701A61E53B00973216 /* Info.plist */,
				2999A6711A61E53B00973216 /* main.m */,
			);
			name = "Supporting Files";
			sourceTree = "<group>";
		};
		2999A6881A61E53C00973216 /* UITableViewController Challenge SolutionTests */ = {
			isa = PBXGroup;
			children = (
				2999A68B1A61E53C00973216 /* UITableViewController_Challenge_SolutionTests.m */,
				2999A6891A61E53C00973216 /* Supporting Files */,
			);
			path = "UITableViewController Challenge SolutionTests";
			sourceTree = "<group>";
		};
		2999A6891A61E53C00973216 /* Supporting Files */ = {
			isa = PBXGroup;
			children = (
				2999A68A1A61E53C00973216 /* Info.plist */,
			);
			name = "Supporting Files";
			sourceTree = "<group>";
		};
/* End PBXGroup section */

/* Begin PBXNativeTarget section */
		2999A66B1A61E53B00973216 /* UITableViewController Challenge Solution */ = {
			isa = PBXNativeTarget;
			buildConfigurationList = 2999A68F1A61E53C00973216 /* Build configuration list for PBXNativeTarget "UITableViewController Challenge Solution" */;
			buildPhases = (
				2999A6681A61E53B00973216 /* Sources */,
				2999A6691A61E53B00973216 /* Frameworks */,
				2999A66A1A61E53B00973216 /* Resources */,
			);
			buildRules = (
			);
			dependencies = (
			);
			name = "UITableViewController Challenge Solution";
			productName = "UITableViewController Challenge Solution";
			productReference = 2999A66C1A61E53B00973216 /* UITableViewController Challenge Solution.app */;
			productType = "com.apple.product-type.application";
		};
		2999A6841A61E53C00973216 /* UITableViewController Challenge SolutionTests */ = {
			isa = PBXNativeTarget;
			buildConfigurationList = 2999A6921A61E53C00973216 /* Build configuration list for PBXNativeTarget "UITableViewController Challenge SolutionTests" */;
			buildPhases = (
				2999A6811A61E53C00973216 /* Sources */,
				2999A6821A61E53C00973216 /* Frameworks */,
				2999A6831A61E53C00973216 /* Resources */,
			);
			buildRules = (
			);
			dependencies = (
				2999A6871A61E53C00973216 /* PBXTargetDependency */,
			);
			name = "UITableViewController Challenge SolutionTests";
			productName = "UITableViewController Challenge SolutionTests";
			productReference = 2999A6851A61E53C00973216 /* UITableViewController Challenge SolutionTests.xctest */;
			productType = "com.apple.product-type.bundle.unit-test";
		};
/* End PBXNativeTarget section */

/* Begin PBXProject section */
		2999A6641A61E53B00973216 /* Project object */ = {
			isa = PBXProject;
			attributes = {
				LastUpgradeCheck = 0610;
				ORGANIZATIONNAME = "Andrew Witzel";
				TargetAttributes = {
					2999A66B1A61E53B00973216 = {
						CreatedOnToolsVersion = 6.1.1;
					};
					2999A6841A61E53C00973216 = {
						CreatedOnToolsVersion = 6.1.1;
						TestTargetID = 2999A66B1A61E53B00973216;
					};
				};
			};
			buildConfigurationList = 2999A6671A61E53B00973216 /* Build configuration list for PBXProject "UITableViewController Challenge Solution" */;
			compatibilityVersion = "Xcode 3.2";
			developmentRegion = English;
			hasScannedForEncodings = 0;
			knownRegions = (
				en,
				Base,
			);
			mainGroup = 2999A6631A61E53B00973216;
			productRefGroup = 2999A66D1A61E53B00973216 /* Products */;
			projectDirPath = "";
			projectRoot = "";
			targets = (
				2999A66B1A61E53B00973216 /* UITableViewController Challenge Solution */,
				2999A6841A61E53C00973216 /* UITableViewController Challenge SolutionTests */,
			);
		};
/* End PBXProject section */

/* Begin PBXResourcesBuildPhase section */
		2999A66A1A61E53B00973216 /* Resources */ = {
			isa = PBXResourcesBuildPhase;
			buildActionMask = 2147483647;
			files = (
				2999A67B1A61E53C00973216 /* Main.storyboard in Resources */,
				2999A6801A61E53C00973216 /* LaunchScreen.xib in Resources */,
				2999A67D1A61E53C00973216 /* Images.xcassets in Resources */,
			);
			runOnlyForDeploymentPostprocessing = 0;
		};
		2999A6831A61E53C00973216 /* Resources */ = {
			isa = PBXResourcesBuildPhase;
			buildActionMask = 2147483647;
			files = (
			);
			runOnlyForDeploymentPostprocessing = 0;
		};
/* End PBXResourcesBuildPhase section */

/* Begin PBXSourcesBuildPhase section */
		2999A6681A61E53B00973216 /* Sources */ = {
			isa = PBXSourcesBuildPhase;
			buildActionMask = 2147483647;
			files = (
				2999A6751A61E53C00973216 /* AppDelegate.m in Sources */,
				2999A6721A61E53B00973216 /* main.m in Sources */,
				2999A6971A61E72D00973216 /* WITTableViewController.m in Sources */,
			);
			runOnlyForDeploymentPostprocessing = 0;
		};
		2999A6811A61E53C00973216 /* Sources */ = {
			isa = PBXSourcesBuildPhase;
			buildActionMask = 2147483647;
			files = (
				2999A68C1A61E53C00973216 /* UITableViewController_Challenge_SolutionTests.m in Sources */,
			);
			runOnlyForDeploymentPostprocessing = 0;
		};
/* End PBXSourcesBuildPhase section */

/* Begin PBXTargetDependency section */
		2999A6871A61E53C00973216 /* PBXTargetDependency */ = {
			isa = PBXTargetDependency;
			target = 2999A66B1A61E53B00973216 /* UITableViewController Challenge Solution */;
			targetProxy = 2999A6861A61E53C00973216 /* PBXContainerItemProxy */;
		};
/* End PBXTargetDependency section */

/* Begin PBXVariantGroup section */
		2999A6791A61E53C00973216 /* Main.storyboard */ = {
			isa = PBXVariantGroup;
			children = (
				2999A67A1A61E53C00973216 /* Base */,
			);
			name = Main.storyboard;
			sourceTree = "<group>";
		};
		2999A67E1A61E53C00973216 /* LaunchScreen.xib */ = {
			isa = PBXVariantGroup;
			children = (
				2999A67F1A61E53C00973216 /* Base */,
			);
			name = LaunchScreen.xib;
			sourceTree = "<group>";
		};
/* End PBXVariantGroup section */

/* Begin XCBuildConfiguration section */
		2999A68D1A61E53C00973216 /* Debug */ = {
			isa = XCBuildConfiguration;
			buildSettings = {
				ALWAYS_SEARCH_USER_PATHS = NO;
				CLANG_CXX_LANGUAGE_STANDARD = "gnu++0x";
				CLANG_CXX_LIBRARY = "libc++";
				CLANG_ENABLE_MODULES = YES;
				CLANG_ENABLE_OBJC_ARC = YES;
				CLANG_WARN_BOOL_CONVERSION = YES;
				CLANG_WARN_CONSTANT_CONVERSION = YES;
				CLANG_WARN_DIRECT_OBJC_ISA_USAGE = YES_ERROR;
				CLANG_WARN_EMPTY_BODY = YES;
				CLANG_WARN_ENUM_CONVERSION = YES;
				CLANG_WARN_INT_CONVERSION = YES;
				CLANG_WARN_OBJC_ROOT_CLASS = YES_ERROR;
				CLANG_WARN_UNREACHABLE_CODE = YES;
				CLANG_WARN__DUPLICATE_METHOD_MATCH = YES;
				"CODE_SIGN_IDENTITY[sdk=iphoneos*]" = "iPhone Developer";
				COPY_PHASE_STRIP = NO;
				ENABLE_STRICT_OBJC_MSGSEND = YES;
				GCC_C_LANGUAGE_STANDARD = gnu99;
				GCC_DYNAMIC_NO_PIC = NO;
				GCC_OPTIMIZATION_LEVEL = 0;
				GCC_PREPROCESSOR_DEFINITIONS = (
					"DEBUG=1",
					"$(inherited)",
				);
				GCC_SYMBOLS_PRIVATE_EXTERN = NO;
				GCC_WARN_64_TO_32_BIT_CONVERSION = YES;
				GCC_WARN_ABOUT_RETURN_TYPE = YES_ERROR;
				GCC_WARN_UNDECLARED_SELECTOR = YES;
				GCC_WARN_UNINITIALIZED_AUTOS = YES_AGGRESSIVE;
				GCC_WARN_UNUSED_FUNCTION = YES;
				GCC_WARN_UNUSED_VARIABLE = YES;
				IPHONEOS_DEPLOYMENT_TARGET = 8.1;
				MTL_ENABLE_DEBUG_INFO = YES;
				ONLY_ACTIVE_ARCH = YES;
				SDKROOT = iphoneos;
			};
			name = Debug;
		};
		2999A68E1A61E53C00973216 /* Release */ = {
			isa = XCBuildConfiguration;
			buildSettings = {
				ALWAYS_SEARCH_USER_PATHS = NO;
				CLANG_CXX_LANGUAGE_STANDARD = "gnu++0x";
				CLANG_CXX_LIBRARY = "libc++";
				CLANG_ENABLE_MODULES = YES;
				CLANG_ENABLE_OBJC_ARC = YES;
				CLANG_WARN_BOOL_CONVERSION = YES;
				CLANG_WARN_CONSTANT_CONVERSION = YES;
				CLANG_WARN_DIRECT_OBJC_ISA_USAGE = YES_ERROR;
				CLANG_WARN_EMPTY_BODY = YES;
				CLANG_WARN_ENUM_CONVERSION = YES;
				CLANG_WARN_INT_CONVERSION = YES;
				CLANG_WARN_OBJC_ROOT_CLASS = YES_ERROR;
				CLANG_WARN_UNREACHABLE_CODE = YES;
				CLANG_WARN__DUPLICATE_METHOD_MATCH = YES;
				"CODE_SIGN_IDENTITY[sdk=iphoneos*]" = "iPhone Developer";
				COPY_PHASE_STRIP = YES;
				ENABLE_NS_ASSERTIONS = NO;
				ENABLE_STRICT_OBJC_MSGSEND = YES;
				GCC_C_LANGUAGE_STANDARD = gnu99;
				GCC_WARN_64_TO_32_BIT_CONVERSION = YES;
				GCC_WARN_ABOUT_RETURN_TYPE = YES_ERROR;
				GCC_WARN_UNDECLARED_SELECTOR = YES;
				GCC_WARN_UNINITIALIZED_AUTOS = YES_AGGRESSIVE;
				GCC_WARN_UNUSED_FUNCTION = YES;
				GCC_WARN_UNUSED_VARIABLE = YES;
				IPHONEOS_DEPLOYMENT_TARGET = 8.1;
				MTL_ENABLE_DEBUG_INFO = NO;
				SDKROOT = iphoneos;
				VALIDATE_PRODUCT = YES;
			};
			name = Release;
		};
		2999A6901A61E53C00973216 /* Debug */ = {
			isa = XCBuildConfiguration;
			buildSettings = {
				ASSETCATALOG_COMPILER_APPICON_NAME = AppIcon;
				INFOPLIST_FILE = "UITableViewController Challenge Solution/Info.plist";
				LD_RUNPATH_SEARCH_PATHS = "$(inherited) @executable_path/Frameworks";
				PRODUCT_NAME = "$(TARGET_NAME)";
			};
			name = Debug;
		};
		2999A6911A61E53C00973216 /* Release */ = {
			isa = XCBuildConfiguration;
			buildSettings = {
				ASSETCATALOG_COMPILER_APPICON_NAME = AppIcon;
				INFOPLIST_FILE = "UITableViewController Challenge Solution/Info.plist";
				LD_RUNPATH_SEARCH_PATHS = "$(inherited) @executable_path/Frameworks";
				PRODUCT_NAME = "$(TARGET_NAME)";
			};
			name = Release;
		};
		2999A6931A61E53C00973216 /* Debug */ = {
			isa = XCBuildConfiguration;
			buildSettings = {
				BUNDLE_LOADER = "$(TEST_HOST)";
				FRAMEWORK_SEARCH_PATHS = (
					"$(SDKROOT)/Developer/Library/Frameworks",
					"$(inherited)",
				);
				GCC_PREPROCESSOR_DEFINITIONS = (
					"DEBUG=1",
					"$(inherited)",
				);
				INFOPLIST_FILE = "UITableViewController Challenge SolutionTests/Info.plist";
				LD_RUNPATH_SEARCH_PATHS = "$(inherited) @executable_path/Frameworks @loader_path/Frameworks";
				PRODUCT_NAME = "$(TARGET_NAME)";
				TEST_HOST = "$(BUILT_PRODUCTS_DIR)/UITableViewController Challenge Solution.app/UITableViewController Challenge Solution";
			};
			name = Debug;
		};
		2999A6941A61E53C00973216 /* Release */ = {
			isa = XCBuildConfiguration;
			buildSettings = {
				BUNDLE_LOADER = "$(TEST_HOST)";
				FRAMEWORK_SEARCH_PATHS = (
					"$(SDKROOT)/Developer/Library/Frameworks",
					"$(inherited)",
				);
				INFOPLIST_FILE = "UITableViewController Challenge SolutionTests/Info.plist";
				LD_RUNPATH_SEARCH_PATHS = "$(inherited) @executable_path/Frameworks @loader_path/Frameworks";
				PRODUCT_NAME = "$(TARGET_NAME)";
				TEST_HOST = "$(BUILT_PRODUCTS_DIR)/UITableViewController Challenge Solution.app/UITableViewController Challenge Solution";
			};
			name = Release;
		};
/* End XCBuildConfiguration section */

/* Begin XCConfigurationList section */
		2999A6671A61E53B00973216 /* Build configuration list for PBXProject "UITableViewController Challenge Solution" */ = {
			isa = XCConfigurationList;
			buildConfigurations = (
				2999A68D1A61E53C00973216 /* Debug */,
				2999A68E1A61E53C00973216 /* Release */,
			);
			defaultConfigurationIsVisible = 0;
			defaultConfigurationName = Release;
		};
		2999A68F1A61E53C00973216 /* Build configuration list for PBXNativeTarget "UITableViewController Challenge Solution" */ = {
			isa = XCConfigurationList;
			buildConfigurations = (
				2999A6901A61E53C00973216 /* Debug */,
				2999A6911A61E53C00973216 /* Release */,
			);
			defaultConfigurationIsVisible = 0;
		};
		2999A6921A61E53C00973216 /* Build configuration list for PBXNativeTarget "UITableViewController Challenge SolutionTests" */ = {
			isa = XCConfigurationList;
			buildConfigurations = (
				2999A6931A61E53C00973216 /* Debug */,
				2999A6941A61E53C00973216 /* Release */,
			);
			defaultConfigurationIsVisible = 0;
		};
/* End XCConfigurationList section */
	};
	rootObject = 2999A6641A61E53B00973216 /* Project object */;
}
